
Microsoft Visual Studio Solution File, Format Version 12.00
# Visual Studio Version 17
VisualStudioVersion = 17.4.33122.133
MinimumVisualStudioVersion = 10.0.40219.1
Project("{2150E333-8FDC-42A3-9474-1A3956D46DE8}") = "Solution Items", "Solution Items", "{F8270F0C-0B7E-4E6B-A6D4-A96548F67EA5}"
	ProjectSection(SolutionItems) = preProject
		.github\workflows\nuget-publish-railway.yml = .github\workflows\nuget-publish-railway.yml
	EndProjectSection
EndProject
Project("{9A19103F-16F7-4668-BE54-9A1E7A4F7556}") = "Valentemesmo.Results", "Valentemesmo.Results\Valentemesmo.Results.csproj", "{B6A8115D-B535-4125-8AF1-C576AF885390}"
EndProject
Project("{9A19103F-16F7-4668-BE54-9A1E7A4F7556}") = "Valentemesmo.Results.Test", "Valentemesmo.Results.Test\Valentemesmo.Results.Test.csproj", "{36B9ECF9-1C39-41C2-9768-6A203D639183}"
EndProject
Global
	GlobalSection(SolutionConfigurationPlatforms) = preSolution
		Debug|Any CPU = Debug|Any CPU
		Release|Any CPU = Release|Any CPU
	EndGlobalSection
	GlobalSection(ProjectConfigurationPlatforms) = postSolution
		{B6A8115D-B535-4125-8AF1-C576AF885390}.Debug|Any CPU.ActiveCfg = Debug|Any CPU
		{B6A8115D-B535-4125-8AF1-C576AF885390}.Debug|Any CPU.Build.0 = Debug|Any CPU
		{B6A8115D-B535-4125-8AF1-C576AF885390}.Release|Any CPU.ActiveCfg = Release|Any CPU
		{B6A8115D-B535-4125-8AF1-C576AF885390}.Release|Any CPU.Build.0 = Release|Any CPU
		{36B9ECF9-1C39-41C2-9768-6A203D639183}.Debug|Any CPU.ActiveCfg = Debug|Any CPU
		{36B9ECF9-1C39-41C2-9768-6A203D639183}.Debug|Any CPU.Build.0 = Debug|Any CPU
		{36B9ECF9-1C39-41C2-9768-6A203D639183}.Release|Any CPU.ActiveCfg = Release|Any CPU
		{36B9ECF9-1C39-41C2-9768-6A203D639183}.Release|Any CPU.Build.0 = Release|Any CPU
	EndGlobalSection
	GlobalSection(SolutionProperties) = preSolution
		HideSolutionNode = FALSE
	EndGlobalSection
	GlobalSection(ExtensibilityGlobals) = postSolution
		SolutionGuid = {41CEBE68-20E2-4D30-B2D5-D8E1855C2A48}
	EndGlobalSection
EndGlobal
